// !$*UTF8*$!
{
	archiveVersion = 1;
	classes = {
	};
	objectVersion = 46;
	objects = {

/* Begin PBXBuildFile section */
		864219267379732D1336210E /* Pods_Honey_Princess.framework in Frameworks */ = {isa = PBXBuildFile; fileRef = A1A9863FA653CFF9B9AEFE8C /* Pods_Honey_Princess.framework */; };
		A225124B1E0CEBEE00231427 /* AppDelegate.swift in Sources */ = {isa = PBXBuildFile; fileRef = A225124A1E0CEBEE00231427 /* AppDelegate.swift */; };
		A22512501E0CEBEE00231427 /* Main.storyboard in Resources */ = {isa = PBXBuildFile; fileRef = A225124E1E0CEBEE00231427 /* Main.storyboard */; };
		A22512521E0CEBEE00231427 /* Assets.xcassets in Resources */ = {isa = PBXBuildFile; fileRef = A22512511E0CEBEE00231427 /* Assets.xcassets */; };
		A22512551E0CEBEE00231427 /* LaunchScreen.storyboard in Resources */ = {isa = PBXBuildFile; fileRef = A22512531E0CEBEE00231427 /* LaunchScreen.storyboard */; };
		A25072FC1E383140008DD866 /* MapKit.framework in Frameworks */ = {isa = PBXBuildFile; fileRef = A25072FB1E383140008DD866 /* MapKit.framework */; };
		A25072FE1E3832FE008DD866 /* MapViewController.swift in Sources */ = {isa = PBXBuildFile; fileRef = A25072FD1E3832FE008DD866 /* MapViewController.swift */; };
		A25073051E383B42008DD866 /* CoreData.framework in Frameworks */ = {isa = PBXBuildFile; fileRef = A25073041E383B42008DD866 /* CoreData.framework */; };
		A25073081E383B77008DD866 /* HoneyProcess.xcdatamodeld in Sources */ = {isa = PBXBuildFile; fileRef = A25073061E383B77008DD866 /* HoneyProcess.xcdatamodeld */; };
		A250730A1E386FD7008DD866 /* DatabaseHelper.swift in Sources */ = {isa = PBXBuildFile; fileRef = A25073091E386FD7008DD866 /* DatabaseHelper.swift */; };
		A250730C1E38752B008DD866 /* LocationSearchViewController.swift in Sources */ = {isa = PBXBuildFile; fileRef = A250730B1E38752B008DD866 /* LocationSearchViewController.swift */; };
		A250730E1E3883C1008DD866 /* EventHandler.swift in Sources */ = {isa = PBXBuildFile; fileRef = A250730D1E3883C1008DD866 /* EventHandler.swift */; };
		A25073101E397C70008DD866 /* LoginViewController.swift in Sources */ = {isa = PBXBuildFile; fileRef = A250730F1E397C70008DD866 /* LoginViewController.swift */; };
		A25073131E39978D008DD866 /* AuthHelper.swift in Sources */ = {isa = PBXBuildFile; fileRef = A25073121E39978D008DD866 /* AuthHelper.swift */; };
		A25073151E3AD61E008DD866 /* EventAnnotation.swift in Sources */ = {isa = PBXBuildFile; fileRef = A25073141E3AD61E008DD866 /* EventAnnotation.swift */; };
		A25073171E3AF885008DD866 /* ProfileViewController.swift in Sources */ = {isa = PBXBuildFile; fileRef = A25073161E3AF885008DD866 /* ProfileViewController.swift */; };
		A2B90B9B1E274B73001F0817 /* GoogleService-Info.plist in Resources */ = {isa = PBXBuildFile; fileRef = A2B90B9A1E274B73001F0817 /* GoogleService-Info.plist */; };
		A2D748A71E3B195E0071AD90 /* User.swift in Sources */ = {isa = PBXBuildFile; fileRef = A2D748A61E3B195E0071AD90 /* User.swift */; };
		A2D748A91E3B1D370071AD90 /* UsersViewController.swift in Sources */ = {isa = PBXBuildFile; fileRef = A2D748A81E3B1D370071AD90 /* UsersViewController.swift */; };
/* End PBXBuildFile section */

/* Begin PBXFileReference section */
		8B62FF14E0AAF4A8EFA38E58 /* Pods-Honey Princess.debug.xcconfig */ = {isa = PBXFileReference; includeInIndex = 1; lastKnownFileType = text.xcconfig; name = "Pods-Honey Princess.debug.xcconfig"; path = "Pods/Target Support Files/Pods-Honey Princess/Pods-Honey Princess.debug.xcconfig"; sourceTree = "<group>"; };
		A1029C46D3CCEB2D65CAA145 /* Pods-Honey Princess.release.xcconfig */ = {isa = PBXFileReference; includeInIndex = 1; lastKnownFileType = text.xcconfig; name = "Pods-Honey Princess.release.xcconfig"; path = "Pods/Target Support Files/Pods-Honey Princess/Pods-Honey Princess.release.xcconfig"; sourceTree = "<group>"; };
		A1A9863FA653CFF9B9AEFE8C /* Pods_Honey_Princess.framework */ = {isa = PBXFileReference; explicitFileType = wrapper.framework; includeInIndex = 0; path = Pods_Honey_Princess.framework; sourceTree = BUILT_PRODUCTS_DIR; };
		A22512471E0CEBEE00231427 /* Honey Princess.app */ = {isa = PBXFileReference; explicitFileType = wrapper.application; includeInIndex = 0; path = "Honey Princess.app"; sourceTree = BUILT_PRODUCTS_DIR; };
		A225124A1E0CEBEE00231427 /* AppDelegate.swift */ = {isa = PBXFileReference; lastKnownFileType = sourcecode.swift; path = AppDelegate.swift; sourceTree = "<group>"; };
		A225124F1E0CEBEE00231427 /* Base */ = {isa = PBXFileReference; lastKnownFileType = file.storyboard; name = Base; path = Base.lproj/Main.storyboard; sourceTree = "<group>"; };
		A22512511E0CEBEE00231427 /* Assets.xcassets */ = {isa = PBXFileReference; lastKnownFileType = folder.assetcatalog; path = Assets.xcassets; sourceTree = "<group>"; };
		A22512541E0CEBEE00231427 /* Base */ = {isa = PBXFileReference; lastKnownFileType = file.storyboard; name = Base; path = Base.lproj/LaunchScreen.storyboard; sourceTree = "<group>"; };
		A22512561E0CEBEE00231427 /* Info.plist */ = {isa = PBXFileReference; lastKnownFileType = text.plist.xml; path = Info.plist; sourceTree = "<group>"; };
		A25072FB1E383140008DD866 /* MapKit.framework */ = {isa = PBXFileReference; lastKnownFileType = wrapper.framework; name = MapKit.framework; path = System/Library/Frameworks/MapKit.framework; sourceTree = SDKROOT; };
		A25072FD1E3832FE008DD866 /* MapViewController.swift */ = {isa = PBXFileReference; fileEncoding = 4; lastKnownFileType = sourcecode.swift; path = MapViewController.swift; sourceTree = "<group>"; };
		A25073041E383B42008DD866 /* CoreData.framework */ = {isa = PBXFileReference; lastKnownFileType = wrapper.framework; name = CoreData.framework; path = System/Library/Frameworks/CoreData.framework; sourceTree = SDKROOT; };
		A25073071E383B77008DD866 /* HoneyProcess.xcdatamodel */ = {isa = PBXFileReference; lastKnownFileType = wrapper.xcdatamodel; path = HoneyProcess.xcdatamodel; sourceTree = "<group>"; };
		A25073091E386FD7008DD866 /* DatabaseHelper.swift */ = {isa = PBXFileReference; fileEncoding = 4; lastKnownFileType = sourcecode.swift; path = DatabaseHelper.swift; sourceTree = "<group>"; };
		A250730B1E38752B008DD866 /* LocationSearchViewController.swift */ = {isa = PBXFileReference; fileEncoding = 4; lastKnownFileType = sourcecode.swift; path = LocationSearchViewController.swift; sourceTree = "<group>"; };
		A250730D1E3883C1008DD866 /* EventHandler.swift */ = {isa = PBXFileReference; fileEncoding = 4; lastKnownFileType = sourcecode.swift; path = EventHandler.swift; sourceTree = "<group>"; };
		A250730F1E397C70008DD866 /* LoginViewController.swift */ = {isa = PBXFileReference; fileEncoding = 4; lastKnownFileType = sourcecode.swift; path = LoginViewController.swift; sourceTree = "<group>"; };
		A25073111E3985B4008DD866 /* Honey Princess.entitlements */ = {isa = PBXFileReference; lastKnownFileType = text.plist.entitlements; path = "Honey Princess.entitlements"; sourceTree = "<group>"; };
		A25073121E39978D008DD866 /* AuthHelper.swift */ = {isa = PBXFileReference; fileEncoding = 4; lastKnownFileType = sourcecode.swift; path = AuthHelper.swift; sourceTree = "<group>"; };
		A25073141E3AD61E008DD866 /* EventAnnotation.swift */ = {isa = PBXFileReference; fileEncoding = 4; lastKnownFileType = sourcecode.swift; name = EventAnnotation.swift; path = "Honey Princess/EventAnnotation.swift"; sourceTree = "<group>"; };
		A25073161E3AF885008DD866 /* ProfileViewController.swift */ = {isa = PBXFileReference; fileEncoding = 4; lastKnownFileType = sourcecode.swift; path = ProfileViewController.swift; sourceTree = "<group>"; };
		A2B90B9A1E274B73001F0817 /* GoogleService-Info.plist */ = {isa = PBXFileReference; fileEncoding = 4; lastKnownFileType = text.plist.xml; path = "GoogleService-Info.plist"; sourceTree = "<group>"; };
		A2D748A61E3B195E0071AD90 /* User.swift */ = {isa = PBXFileReference; fileEncoding = 4; lastKnownFileType = sourcecode.swift; path = User.swift; sourceTree = "<group>"; };
		A2D748A81E3B1D370071AD90 /* UsersViewController.swift */ = {isa = PBXFileReference; fileEncoding = 4; lastKnownFileType = sourcecode.swift; path = UsersViewController.swift; sourceTree = "<group>"; };
/* End PBXFileReference section */

/* Begin PBXFrameworksBuildPhase section */
		A22512441E0CEBEE00231427 /* Frameworks */ = {
			isa = PBXFrameworksBuildPhase;
			buildActionMask = 2147483647;
			files = (
				A25073051E383B42008DD866 /* CoreData.framework in Frameworks */,
				A25072FC1E383140008DD866 /* MapKit.framework in Frameworks */,
				864219267379732D1336210E /* Pods_Honey_Princess.framework in Frameworks */,
			);
			runOnlyForDeploymentPostprocessing = 0;
		};
/* End PBXFrameworksBuildPhase section */

/* Begin PBXGroup section */
		9D93361D0469A93EE0761A44 /* Pods */ = {
			isa = PBXGroup;
			children = (
				8B62FF14E0AAF4A8EFA38E58 /* Pods-Honey Princess.debug.xcconfig */,
				A1029C46D3CCEB2D65CAA145 /* Pods-Honey Princess.release.xcconfig */,
			);
			name = Pods;
			sourceTree = "<group>";
		};
		A225123E1E0CEBEE00231427 = {
			isa = PBXGroup;
			children = (
				A22512491E0CEBEE00231427 /* Honey Princess */,
				A22512481E0CEBEE00231427 /* Products */,
				9D93361D0469A93EE0761A44 /* Pods */,
				E2F5F2016824608221A360AB /* Frameworks */,
			);
			sourceTree = "<group>";
		};
		A22512481E0CEBEE00231427 /* Products */ = {
			isa = PBXGroup;
			children = (
				A22512471E0CEBEE00231427 /* Honey Princess.app */,
			);
			name = Products;
			sourceTree = "<group>";
		};
		A22512491E0CEBEE00231427 /* Honey Princess */ = {
			isa = PBXGroup;
			children = (
				A25073111E3985B4008DD866 /* Honey Princess.entitlements */,
				A225124A1E0CEBEE00231427 /* AppDelegate.swift */,
				A25072FF1E38330D008DD866 /* Controllers */,
				A25073011E383A22008DD866 /* Views */,
				A2D748A51E3B194B0071AD90 /* Models */,
				A25073001E3837E9008DD866 /* Helpers */,
				A22512511E0CEBEE00231427 /* Assets.xcassets */,
				A225124E1E0CEBEE00231427 /* Main.storyboard */,
				A22512531E0CEBEE00231427 /* LaunchScreen.storyboard */,
				A22512561E0CEBEE00231427 /* Info.plist */,
				A25073061E383B77008DD866 /* HoneyProcess.xcdatamodeld */,
				A2B90B9A1E274B73001F0817 /* GoogleService-Info.plist */,
			);
			path = "Honey Princess";
			sourceTree = "<group>";
		};
		A25072FF1E38330D008DD866 /* Controllers */ = {
			isa = PBXGroup;
			children = (
				A250730F1E397C70008DD866 /* LoginViewController.swift */,
				A25072FD1E3832FE008DD866 /* MapViewController.swift */,
				A250730B1E38752B008DD866 /* LocationSearchViewController.swift */,
				A25073161E3AF885008DD866 /* ProfileViewController.swift */,
				A2D748A81E3B1D370071AD90 /* UsersViewController.swift */,
			);
			name = Controllers;
			sourceTree = "<group>";
		};
		A25073001E3837E9008DD866 /* Helpers */ = {
			isa = PBXGroup;
			children = (
				A25073091E386FD7008DD866 /* DatabaseHelper.swift */,
				A250730D1E3883C1008DD866 /* EventHandler.swift */,
				A25073121E39978D008DD866 /* AuthHelper.swift */,
			);
			name = Helpers;
			sourceTree = "<group>";
		};
		A25073011E383A22008DD866 /* Views */ = {
			isa = PBXGroup;
			children = (
				A25073141E3AD61E008DD866 /* EventAnnotation.swift */,
			);
			name = Views;
			path = ..;
			sourceTree = "<group>";
		};
		A2D748A51E3B194B0071AD90 /* Models */ = {
			isa = PBXGroup;
			children = (
				A2D748A61E3B195E0071AD90 /* User.swift */,
			);
			name = Models;
			sourceTree = "<group>";
		};
		E2F5F2016824608221A360AB /* Frameworks */ = {
			isa = PBXGroup;
			children = (
				A25073041E383B42008DD866 /* CoreData.framework */,
				A25072FB1E383140008DD866 /* MapKit.framework */,
				A1A9863FA653CFF9B9AEFE8C /* Pods_Honey_Princess.framework */,
			);
			name = Frameworks;
			sourceTree = "<group>";
		};
/* End PBXGroup section */

/* Begin PBXNativeTarget section */
		A22512461E0CEBEE00231427 /* Honey Princess */ = {
			isa = PBXNativeTarget;
			buildConfigurationList = A22512591E0CEBEE00231427 /* Build configuration list for PBXNativeTarget "Honey Princess" */;
			buildPhases = (
				F3DFE64CB38256050BEA49FB /* [CP] Check Pods Manifest.lock */,
				A22512431E0CEBEE00231427 /* Sources */,
				A22512441E0CEBEE00231427 /* Frameworks */,
				A22512451E0CEBEE00231427 /* Resources */,
				80F262FC6FCFCAC444011E5E /* [CP] Embed Pods Frameworks */,
				627DCBB49079B07D8D7F1F67 /* [CP] Copy Pods Resources */,
			);
			buildRules = (
			);
			dependencies = (
			);
			name = "Honey Princess";
			productName = "Honey Princess";
			productReference = A22512471E0CEBEE00231427 /* Honey Princess.app */;
			productType = "com.apple.product-type.application";
		};
/* End PBXNativeTarget section */

/* Begin PBXProject section */
		A225123F1E0CEBEE00231427 /* Project object */ = {
			isa = PBXProject;
			attributes = {
				LastSwiftUpdateCheck = 0820;
				LastUpgradeCheck = 0820;
				ORGANIZATIONNAME = "Bryan Ye";
				TargetAttributes = {
					A22512461E0CEBEE00231427 = {
						CreatedOnToolsVersion = 8.2.1;
						DevelopmentTeam = WZ4NEVB3RP;
						ProvisioningStyle = Automatic;
						SystemCapabilities = {
							com.apple.Keychain = {
								enabled = 1;
							};
							com.apple.Maps.iOS = {
								enabled = 1;
							};
						};
					};
				};
			};
			buildConfigurationList = A22512421E0CEBEE00231427 /* Build configuration list for PBXProject "Honey Princess" */;
			compatibilityVersion = "Xcode 3.2";
			developmentRegion = English;
			hasScannedForEncodings = 0;
			knownRegions = (
				en,
				Base,
			);
			mainGroup = A225123E1E0CEBEE00231427;
			productRefGroup = A22512481E0CEBEE00231427 /* Products */;
			projectDirPath = "";
			projectRoot = "";
			targets = (
				A22512461E0CEBEE00231427 /* Honey Princess */,
			);
		};
/* End PBXProject section */

/* Begin PBXResourcesBuildPhase section */
		A22512451E0CEBEE00231427 /* Resources */ = {
			isa = PBXResourcesBuildPhase;
			buildActionMask = 2147483647;
			files = (
				A22512551E0CEBEE00231427 /* LaunchScreen.storyboard in Resources */,
				A22512521E0CEBEE00231427 /* Assets.xcassets in Resources */,
				A2B90B9B1E274B73001F0817 /* GoogleService-Info.plist in Resources */,
				A22512501E0CEBEE00231427 /* Main.storyboard in Resources */,
			);
			runOnlyForDeploymentPostprocessing = 0;
		};
/* End PBXResourcesBuildPhase section */

/* Begin PBXShellScriptBuildPhase section */
		627DCBB49079B07D8D7F1F67 /* [CP] Copy Pods Resources */ = {
			isa = PBXShellScriptBuildPhase;
			buildActionMask = 2147483647;
			files = (
			);
			inputPaths = (
			);
			name = "[CP] Copy Pods Resources";
			outputPaths = (
			);
			runOnlyForDeploymentPostprocessing = 0;
			shellPath = /bin/sh;
			shellScript = "\"${SRCROOT}/Pods/Target Support Files/Pods-Honey Princess/Pods-Honey Princess-resources.sh\"\n";
			showEnvVarsInLog = 0;
		};
		80F262FC6FCFCAC444011E5E /* [CP] Embed Pods Frameworks */ = {
			isa = PBXShellScriptBuildPhase;
			buildActionMask = 2147483647;
			files = (
			);
			inputPaths = (
			);
			name = "[CP] Embed Pods Frameworks";
			outputPaths = (
			);
			runOnlyForDeploymentPostprocessing = 0;
			shellPath = /bin/sh;
			shellScript = "\"${SRCROOT}/Pods/Target Support Files/Pods-Honey Princess/Pods-Honey Princess-frameworks.sh\"\n";
			showEnvVarsInLog = 0;
		};
		F3DFE64CB38256050BEA49FB /* [CP] Check Pods Manifest.lock */ = {
			isa = PBXShellScriptBuildPhase;
			buildActionMask = 2147483647;
			files = (
			);
			inputPaths = (
			);
			name = "[CP] Check Pods Manifest.lock";
			outputPaths = (
			);
			runOnlyForDeploymentPostprocessing = 0;
			shellPath = /bin/sh;
			shellScript = "diff \"${PODS_ROOT}/../Podfile.lock\" \"${PODS_ROOT}/Manifest.lock\" > /dev/null\nif [ $? != 0 ] ; then\n    # print error to STDERR\n    echo \"error: The sandbox is not in sync with the Podfile.lock. Run 'pod install' or update your CocoaPods installation.\" >&2\n    exit 1\nfi\n";
			showEnvVarsInLog = 0;
		};
/* End PBXShellScriptBuildPhase section */

/* Begin PBXSourcesBuildPhase section */
		A22512431E0CEBEE00231427 /* Sources */ = {
			isa = PBXSourcesBuildPhase;
			buildActionMask = 2147483647;
			files = (
				A225124B1E0CEBEE00231427 /* AppDelegate.swift in Sources */,
				A2D748A91E3B1D370071AD90 /* UsersViewController.swift in Sources */,
				A250730E1E3883C1008DD866 /* EventHandler.swift in Sources */,
				A25073171E3AF885008DD866 /* ProfileViewController.swift in Sources */,
				A25073151E3AD61E008DD866 /* EventAnnotation.swift in Sources */,
				A250730C1E38752B008DD866 /* LocationSearchViewController.swift in Sources */,
				A250730A1E386FD7008DD866 /* DatabaseHelper.swift in Sources */,
				A25073101E397C70008DD866 /* LoginViewController.swift in Sources */,
				A25072FE1E3832FE008DD866 /* MapViewController.swift in Sources */,
				A25073081E383B77008DD866 /* HoneyProcess.xcdatamodeld in Sources */,
				A25073131E39978D008DD866 /* AuthHelper.swift in Sources */,
				A2D748A71E3B195E0071AD90 /* User.swift in Sources */,
			);
			runOnlyForDeploymentPostprocessing = 0;
		};
/* End PBXSourcesBuildPhase section */

/* Begin PBXVariantGroup section */
		A225124E1E0CEBEE00231427 /* Main.storyboard */ = {
			isa = PBXVariantGroup;
			children = (
				A225124F1E0CEBEE00231427 /* Base */,
			);
			name = Main.storyboard;
			sourceTree = "<group>";
		};
		A22512531E0CEBEE00231427 /* LaunchScreen.storyboard */ = {
			isa = PBXVariantGroup;
			children = (
				A22512541E0CEBEE00231427 /* Base */,
			);
			name = LaunchScreen.storyboard;
			sourceTree = "<group>";
		};
/* End PBXVariantGroup section */

/* Begin XCBuildConfiguration section */
		A22512571E0CEBEE00231427 /* Debug */ = {
			isa = XCBuildConfiguration;
			buildSettings = {
				ALWAYS_SEARCH_USER_PATHS = NO;
				CLANG_ANALYZER_NONNULL = YES;
				CLANG_CXX_LANGUAGE_STANDARD = "gnu++0x";
				CLANG_CXX_LIBRARY = "libc++";
				CLANG_ENABLE_MODULES = YES;
				CLANG_ENABLE_OBJC_ARC = YES;
				CLANG_WARN_BOOL_CONVERSION = YES;
				CLANG_WARN_CONSTANT_CONVERSION = YES;
				CLANG_WARN_DIRECT_OBJC_ISA_USAGE = YES_ERROR;
				CLANG_WARN_DOCUMENTATION_COMMENTS = YES;
				CLANG_WARN_EMPTY_BODY = YES;
				CLANG_WARN_ENUM_CONVERSION = YES;
				CLANG_WARN_INFINITE_RECURSION = YES;
				CLANG_WARN_INT_CONVERSION = YES;
				CLANG_WARN_OBJC_ROOT_CLASS = YES_ERROR;
				CLANG_WARN_SUSPICIOUS_MOVE = YES;
				CLANG_WARN_UNREACHABLE_CODE = YES;
				CLANG_WARN__DUPLICATE_METHOD_MATCH = YES;
				"CODE_SIGN_IDENTITY[sdk=iphoneos*]" = "iPhone Developer";
				COPY_PHASE_STRIP = NO;
				DEBUG_INFORMATION_FORMAT = dwarf;
				ENABLE_STRICT_OBJC_MSGSEND = YES;
				ENABLE_TESTABILITY = YES;
				GCC_C_LANGUAGE_STANDARD = gnu99;
				GCC_DYNAMIC_NO_PIC = NO;
				GCC_NO_COMMON_BLOCKS = YES;
				GCC_OPTIMIZATION_LEVEL = 0;
				GCC_PREPROCESSOR_DEFINITIONS = (
					"DEBUG=1",
					"$(inherited)",
				);
				GCC_WARN_64_TO_32_BIT_CONVERSION = YES;
				GCC_WARN_ABOUT_RETURN_TYPE = YES_ERROR;
				GCC_WARN_UNDECLARED_SELECTOR = YES;
				GCC_WARN_UNINITIALIZED_AUTOS = YES_AGGRESSIVE;
				GCC_WARN_UNUSED_FUNCTION = YES;
				GCC_WARN_UNUSED_VARIABLE = YES;
				IPHONEOS_DEPLOYMENT_TARGET = 10.2;
				MTL_ENABLE_DEBUG_INFO = YES;
				ONLY_ACTIVE_ARCH = YES;
				SDKROOT = iphoneos;
				SWIFT_ACTIVE_COMPILATION_CONDITIONS = DEBUG;
				SWIFT_OPTIMIZATION_LEVEL = "-Onone";
			};
			name = Debug;
		};
		A22512581E0CEBEE00231427 /* Release */ = {
			isa = XCBuildConfiguration;
			buildSettings = {
				ALWAYS_SEARCH_USER_PATHS = NO;
				CLANG_ANALYZER_NONNULL = YES;
				CLANG_CXX_LANGUAGE_STANDARD = "gnu++0x";
				CLANG_CXX_LIBRARY = "libc++";
				CLANG_ENABLE_MODULES = YES;
				CLANG_ENABLE_OBJC_ARC = YES;
				CLANG_WARN_BOOL_CONVERSION = YES;
				CLANG_WARN_CONSTANT_CONVERSION = YES;
				CLANG_WARN_DIRECT_OBJC_ISA_USAGE = YES_ERROR;
				CLANG_WARN_DOCUMENTATION_COMMENTS = YES;
				CLANG_WARN_EMPTY_BODY = YES;
				CLANG_WARN_ENUM_CONVERSION = YES;
				CLANG_WARN_INFINITE_RECURSION = YES;
				CLANG_WARN_INT_CONVERSION = YES;
				CLANG_WARN_OBJC_ROOT_CLASS = YES_ERROR;
				CLANG_WARN_SUSPICIOUS_MOVE = YES;
				CLANG_WARN_UNREACHABLE_CODE = YES;
				CLANG_WARN__DUPLICATE_METHOD_MATCH = YES;
				"CODE_SIGN_IDENTITY[sdk=iphoneos*]" = "iPhone Developer";
				COPY_PHASE_STRIP = NO;
				DEBUG_INFORMATION_FORMAT = "dwarf-with-dsym";
				ENABLE_NS_ASSERTIONS = NO;
				ENABLE_STRICT_OBJC_MSGSEND = YES;
				GCC_C_LANGUAGE_STANDARD = gnu99;
				GCC_NO_COMMON_BLOCKS = YES;
				GCC_WARN_64_TO_32_BIT_CONVERSION = YES;
				GCC_WARN_ABOUT_RETURN_TYPE = YES_ERROR;
				GCC_WARN_UNDECLARED_SELECTOR = YES;
				GCC_WARN_UNINITIALIZED_AUTOS = YES_AGGRESSIVE;
				GCC_WARN_UNUSED_FUNCTION = YES;
				GCC_WARN_UNUSED_VARIABLE = YES;
				IPHONEOS_DEPLOYMENT_TARGET = 10.2;
				MTL_ENABLE_DEBUG_INFO = NO;
				SDKROOT = iphoneos;
				SWIFT_OPTIMIZATION_LEVEL = "-Owholemodule";
				VALIDATE_PRODUCT = YES;
			};
			name = Release;
		};
		A225125A1E0CEBEE00231427 /* Debug */ = {
			isa = XCBuildConfiguration;
			baseConfigurationReference = 8B62FF14E0AAF4A8EFA38E58 /* Pods-Honey Princess.debug.xcconfig */;
			buildSettings = {
				ASSETCATALOG_COMPILER_APPICON_NAME = AppIcon;
				CODE_SIGN_ENTITLEMENTS = "Honey Princess/Honey Princess.entitlements";
				DEVELOPMENT_TEAM = WZ4NEVB3RP;
				INFOPLIST_FILE = "Honey Princess/Info.plist";
				LD_RUNPATH_SEARCH_PATHS = "$(inherited) @executable_path/Frameworks";
				PRODUCT_BUNDLE_IDENTIFIER = "com.bryanye.Honey-Princess";
				PRODUCT_NAME = "$(TARGET_NAME)";
				SWIFT_VERSION = 3.0;
			};
			name = Debug;
		};
		A225125B1E0CEBEE00231427 /* Release */ = {
			isa = XCBuildConfiguration;
			baseConfigurationReference = A1029C46D3CCEB2D65CAA145 /* Pods-Honey Princess.release.xcconfig */;
			buildSettings = {
				ASSETCATALOG_COMPILER_APPICON_NAME = AppIcon;
				CODE_SIGN_ENTITLEMENTS = "Honey Princess/Honey Princess.entitlements";
				DEVELOPMENT_TEAM = WZ4NEVB3RP;
				INFOPLIST_FILE = "Honey Princess/Info.plist";
				LD_RUNPATH_SEARCH_PATHS = "$(inherited) @executable_path/Frameworks";
				PRODUCT_BUNDLE_IDENTIFIER = "com.bryanye.Honey-Princess";
				PRODUCT_NAME = "$(TARGET_NAME)";
				SWIFT_VERSION = 3.0;
			};
			name = Release;
		};
/* End XCBuildConfiguration section */

/* Begin XCConfigurationList section */
		A22512421E0CEBEE00231427 /* Build configuration list for PBXProject "Honey Princess" */ = {
			isa = XCConfigurationList;
			buildConfigurations = (
				A22512571E0CEBEE00231427 /* Debug */,
				A22512581E0CEBEE00231427 /* Release */,
			);
			defaultConfigurationIsVisible = 0;
			defaultConfigurationName = Release;
		};
		A22512591E0CEBEE00231427 /* Build configuration list for PBXNativeTarget "Honey Princess" */ = {
			isa = XCConfigurationList;
			buildConfigurations = (
				A225125A1E0CEBEE00231427 /* Debug */,
				A225125B1E0CEBEE00231427 /* Release */,
			);
			defaultConfigurationIsVisible = 0;
			defaultConfigurationName = Release;
		};
/* End XCConfigurationList section */

/* Begin XCVersionGroup section */
		A25073061E383B77008DD866 /* HoneyProcess.xcdatamodeld */ = {
			isa = XCVersionGroup;
			children = (
				A25073071E383B77008DD866 /* HoneyProcess.xcdatamodel */,
			);
			currentVersion = A25073071E383B77008DD866 /* HoneyProcess.xcdatamodel */;
			name = HoneyProcess.xcdatamodeld;
			path = ../HoneyProcess.xcdatamodeld;
			sourceTree = "<group>";
			versionGroupType = wrapper.xcdatamodel;
		};
/* End XCVersionGroup section */
	};
	rootObject = A225123F1E0CEBEE00231427 /* Project object */;
}
